// !$*UTF8*$!
{
	archiveVersion = 1;
	classes = {
	};
	objectVersion = 50;
	objects = {

/* Begin PBXBuildFile section */
		60C3C70621763EDB0062C5F5 /* CameraController.swift in Sources */ = {isa = PBXBuildFile; fileRef = 60C3C70521763EDB0062C5F5 /* CameraController.swift */; };
		60E2D384216BB1A600DADC49 /* AppDelegate.swift in Sources */ = {isa = PBXBuildFile; fileRef = 60E2D383216BB1A600DADC49 /* AppDelegate.swift */; };
		60E2D386216BB1A600DADC49 /* ViewController.swift in Sources */ = {isa = PBXBuildFile; fileRef = 60E2D385216BB1A600DADC49 /* ViewController.swift */; };
		60E2D389216BB1A600DADC49 /* Main.storyboard in Resources */ = {isa = PBXBuildFile; fileRef = 60E2D387216BB1A600DADC49 /* Main.storyboard */; };
		60E2D38B216BB1B300DADC49 /* Assets.xcassets in Resources */ = {isa = PBXBuildFile; fileRef = 60E2D38A216BB1B300DADC49 /* Assets.xcassets */; };
		60E2D38E216BB1B300DADC49 /* LaunchScreen.storyboard in Resources */ = {isa = PBXBuildFile; fileRef = 60E2D38C216BB1B300DADC49 /* LaunchScreen.storyboard */; };
/* End PBXBuildFile section */

/* Begin PBXFileReference section */
		60C3C70521763EDB0062C5F5 /* CameraController.swift */ = {isa = PBXFileReference; lastKnownFileType = sourcecode.swift; path = CameraController.swift; sourceTree = "<group>"; };
		60E2D380216BB1A500DADC49 /* Roster Scanner.app */ = {isa = PBXFileReference; explicitFileType = wrapper.application; includeInIndex = 0; path = "Roster Scanner.app"; sourceTree = BUILT_PRODUCTS_DIR; };
		60E2D383216BB1A600DADC49 /* AppDelegate.swift */ = {isa = PBXFileReference; lastKnownFileType = sourcecode.swift; path = AppDelegate.swift; sourceTree = "<group>"; };
		60E2D385216BB1A600DADC49 /* ViewController.swift */ = {isa = PBXFileReference; lastKnownFileType = sourcecode.swift; path = ViewController.swift; sourceTree = "<group>"; };
		60E2D388216BB1A600DADC49 /* Base */ = {isa = PBXFileReference; lastKnownFileType = file.storyboard; name = Base; path = Base.lproj/Main.storyboard; sourceTree = "<group>"; };
		60E2D38A216BB1B300DADC49 /* Assets.xcassets */ = {isa = PBXFileReference; lastKnownFileType = folder.assetcatalog; path = Assets.xcassets; sourceTree = "<group>"; };
		60E2D38D216BB1B300DADC49 /* Base */ = {isa = PBXFileReference; lastKnownFileType = file.storyboard; name = Base; path = Base.lproj/LaunchScreen.storyboard; sourceTree = "<group>"; };
		60E2D38F216BB1B300DADC49 /* Info.plist */ = {isa = PBXFileReference; lastKnownFileType = text.plist.xml; path = Info.plist; sourceTree = "<group>"; };
/* End PBXFileReference section */

/* Begin PBXFrameworksBuildPhase section */
		60E2D37D216BB1A500DADC49 /* Frameworks */ = {
			isa = PBXFrameworksBuildPhase;
			buildActionMask = 2147483647;
			files = (
			);
			runOnlyForDeploymentPostprocessing = 0;
		};
/* End PBXFrameworksBuildPhase section */

/* Begin PBXGroup section */
		60E2D377216BB1A500DADC49 = {
			isa = PBXGroup;
			children = (
				60E2D382216BB1A500DADC49 /* Roster Scanner */,
				60E2D381216BB1A500DADC49 /* Products */,
			);
			sourceTree = "<group>";
		};
		60E2D381216BB1A500DADC49 /* Products */ = {
			isa = PBXGroup;
			children = (
				60E2D380216BB1A500DADC49 /* Roster Scanner.app */,
			);
			name = Products;
			sourceTree = "<group>";
		};
		60E2D382216BB1A500DADC49 /* Roster Scanner */ = {
			isa = PBXGroup;
			children = (
				60E2D383216BB1A600DADC49 /* AppDelegate.swift */,
				60E2D385216BB1A600DADC49 /* ViewController.swift */,
				60E2D387216BB1A600DADC49 /* Main.storyboard */,
				60E2D38A216BB1B300DADC49 /* Assets.xcassets */,
				60C3C70521763EDB0062C5F5 /* CameraController.swift */,
				60E2D38C216BB1B300DADC49 /* LaunchScreen.storyboard */,
				60E2D38F216BB1B300DADC49 /* Info.plist */,
			);
			path = "Roster Scanner";
			sourceTree = "<group>";
		};
/* End PBXGroup section */

/* Begin PBXNativeTarget section */
		60E2D37F216BB1A500DADC49 /* Roster Scanner */ = {
			isa = PBXNativeTarget;
			buildConfigurationList = 60E2D392216BB1B300DADC49 /* Build configuration list for PBXNativeTarget "Roster Scanner" */;
			buildPhases = (
				60E2D37C216BB1A500DADC49 /* Sources */,
				60E2D37D216BB1A500DADC49 /* Frameworks */,
				60E2D37E216BB1A500DADC49 /* Resources */,
			);
			buildRules = (
			);
			dependencies = (
			);
			name = "Roster Scanner";
			productName = "Roster Scanner";
			productReference = 60E2D380216BB1A500DADC49 /* Roster Scanner.app */;
			productType = "com.apple.product-type.application";
		};
/* End PBXNativeTarget section */

/* Begin PBXProject section */
		60E2D378216BB1A500DADC49 /* Project object */ = {
			isa = PBXProject;
			attributes = {
				LastSwiftUpdateCheck = 1000;
				LastUpgradeCheck = 1000;
				ORGANIZATIONNAME = "Tarang Srivastava";
				TargetAttributes = {
					60E2D37F216BB1A500DADC49 = {
						CreatedOnToolsVersion = 10.0;
					};
				};
			};
			buildConfigurationList = 60E2D37B216BB1A500DADC49 /* Build configuration list for PBXProject "Roster Scanner" */;
			compatibilityVersion = "Xcode 9.3";
			developmentRegion = en;
			hasScannedForEncodings = 0;
			knownRegions = (
				en,
				Base,
			);
			mainGroup = 60E2D377216BB1A500DADC49;
			productRefGroup = 60E2D381216BB1A500DADC49 /* Products */;
			projectDirPath = "";
			projectRoot = "";
			targets = (
				60E2D37F216BB1A500DADC49 /* Roster Scanner */,
			);
		};
/* End PBXProject section */

/* Begin PBXResourcesBuildPhase section */
		60E2D37E216BB1A500DADC49 /* Resources */ = {
			isa = PBXResourcesBuildPhase;
			buildActionMask = 2147483647;
			files = (
				60E2D38E216BB1B300DADC49 /* LaunchScreen.storyboard in Resources */,
				60E2D38B216BB1B300DADC49 /* Assets.xcassets in Resources */,
				60E2D389216BB1A600DADC49 /* Main.storyboard in Resources */,
			);
			runOnlyForDeploymentPostprocessing = 0;
		};
/* End PBXResourcesBuildPhase section */

/* Begin PBXSourcesBuildPhase section */
		60E2D37C216BB1A500DADC49 /* Sources */ = {
			isa = PBXSourcesBuildPhase;
			buildActionMask = 2147483647;
			files = (
				60C3C70621763EDB0062C5F5 /* CameraController.swift in Sources */,
				60E2D386216BB1A600DADC49 /* ViewController.swift in Sources */,
				60E2D384216BB1A600DADC49 /* AppDelegate.swift in Sources */,
			);
			runOnlyForDeploymentPostprocessing = 0;
		};
/* End PBXSourcesBuildPhase section */

/* Begin PBXVariantGroup section */
		60E2D387216BB1A600DADC49 /* Main.storyboard */ = {
			isa = PBXVariantGroup;
			children = (
				60E2D388216BB1A600DADC49 /* Base */,
			);
			name = Main.storyboard;
			sourceTree = "<group>";
		};
		60E2D38C216BB1B300DADC49 /* LaunchScreen.storyboard */ = {
			isa = PBXVariantGroup;
			children = (
				60E2D38D216BB1B300DADC49 /* Base */,
			);
			name = LaunchScreen.storyboard;
			sourceTree = "<group>";
		};
/* End PBXVariantGroup section */

/* Begin XCBuildConfiguration section */
		60E2D390216BB1B300DADC49 /* Debug */ = {
			isa = XCBuildConfiguration;
			buildSettings = {
				ALWAYS_SEARCH_USER_PATHS = NO;
				CLANG_ANALYZER_NONNULL = YES;
				CLANG_ANALYZER_NUMBER_OBJECT_CONVERSION = YES_AGGRESSIVE;
				CLANG_CXX_LANGUAGE_STANDARD = "gnu++14";
				CLANG_CXX_LIBRARY = "libc++";
				CLANG_ENABLE_MODULES = YES;
				CLANG_ENABLE_OBJC_ARC = YES;
				CLANG_ENABLE_OBJC_WEAK = YES;
				CLANG_WARN_BLOCK_CAPTURE_AUTORELEASING = YES;
				CLANG_WARN_BOOL_CONVERSION = YES;
				CLANG_WARN_COMMA = YES;
				CLANG_WARN_CONSTANT_CONVERSION = YES;
				CLANG_WARN_DEPRECATED_OBJC_IMPLEMENTATIONS = YES;
				CLANG_WARN_DIRECT_OBJC_ISA_USAGE = YES_ERROR;
				CLANG_WARN_DOCUMENTATION_COMMENTS = YES;
				CLANG_WARN_EMPTY_BODY = YES;
				CLANG_WARN_ENUM_CONVERSION = YES;
				CLANG_WARN_INFINITE_RECURSION = YES;
				CLANG_WARN_INT_CONVERSION = YES;
				CLANG_WARN_NON_LITERAL_NULL_CONVERSION = YES;
				CLANG_WARN_OBJC_IMPLICIT_RETAIN_SELF = YES;
				CLANG_WARN_OBJC_LITERAL_CONVERSION = YES;
				CLANG_WARN_OBJC_ROOT_CLASS = YES_ERROR;
				CLANG_WARN_RANGE_LOOP_ANALYSIS = YES;
				CLANG_WARN_STRICT_PROTOTYPES = YES;
				CLANG_WARN_SUSPICIOUS_MOVE = YES;
				CLANG_WARN_UNGUARDED_AVAILABILITY = YES_AGGRESSIVE;
				CLANG_WARN_UNREACHABLE_CODE = YES;
				CLANG_WARN__DUPLICATE_METHOD_MATCH = YES;
				CODE_SIGN_IDENTITY = "iPhone Developer";
				COPY_PHASE_STRIP = NO;
				DEBUG_INFORMATION_FORMAT = dwarf;
				ENABLE_STRICT_OBJC_MSGSEND = YES;
				ENABLE_TESTABILITY = YES;
				GCC_C_LANGUAGE_STANDARD = gnu11;
				GCC_DYNAMIC_NO_PIC = NO;
				GCC_NO_COMMON_BLOCKS = YES;
				GCC_OPTIMIZATION_LEVEL = 0;
				GCC_PREPROCESSOR_DEFINITIONS = (
					"DEBUG=1",
					"$(inherited)",
				);
				GCC_WARN_64_TO_32_BIT_CONVERSION = YES;
				GCC_WARN_ABOUT_RETURN_TYPE = YES_ERROR;
				GCC_WARN_UNDECLARED_SELECTOR = YES;
				GCC_WARN_UNINITIALIZED_AUTOS = YES_AGGRESSIVE;
				GCC_WARN_UNUSED_FUNCTION = YES;
				GCC_WARN_UNUSED_VARIABLE = YES;
				IPHONEOS_DEPLOYMENT_TARGET = 12.0;
				MTL_ENABLE_DEBUG_INFO = INCLUDE_SOURCE;
				MTL_FAST_MATH = YES;
				ONLY_ACTIVE_ARCH = YES;
				SDKROOT = iphoneos;
				SWIFT_ACTIVE_COMPILATION_CONDITIONS = DEBUG;
				SWIFT_OPTIMIZATION_LEVEL = "-Onone";
			};
			name = Debug;
		};
		60E2D391216BB1B300DADC49 /* Release */ = {
			isa = XCBuildConfiguration;
			buildSettings = {
				ALWAYS_SEARCH_USER_PATHS = NO;
				CLANG_ANALYZER_NONNULL = YES;
				CLANG_ANALYZER_NUMBER_OBJECT_CONVERSION = YES_AGGRESSIVE;
				CLANG_CXX_LANGUAGE_STANDARD = "gnu++14";
				CLANG_CXX_LIBRARY = "libc++";
				CLANG_ENABLE_MODULES = YES;
				CLANG_ENABLE_OBJC_ARC = YES;
				CLANG_ENABLE_OBJC_WEAK = YES;
				CLANG_WARN_BLOCK_CAPTURE_AUTORELEASING = YES;
				CLANG_WARN_BOOL_CONVERSION = YES;
				CLANG_WARN_COMMA = YES;
				CLANG_WARN_CONSTANT_CONVERSION = YES;
				CLANG_WARN_DEPRECATED_OBJC_IMPLEMENTATIONS = YES;
				CLANG_WARN_DIRECT_OBJC_ISA_USAGE = YES_ERROR;
				CLANG_WARN_DOCUMENTATION_COMMENTS = YES;
				CLANG_WARN_EMPTY_BODY = YES;
				CLANG_WARN_ENUM_CONVERSION = YES;
				CLANG_WARN_INFINITE_RECURSION = YES;
				CLANG_WARN_INT_CONVERSION = YES;
				CLANG_WARN_NON_LITERAL_NULL_CONVERSION = YES;
				CLANG_WARN_OBJC_IMPLICIT_RETAIN_SELF = YES;
				CLANG_WARN_OBJC_LITERAL_CONVERSION = YES;
				CLANG_WARN_OBJC_ROOT_CLASS = YES_ERROR;
				CLANG_WARN_RANGE_LOOP_ANALYSIS = YES;
				CLANG_WARN_STRICT_PROTOTYPES = YES;
				CLANG_WARN_SUSPICIOUS_MOVE = YES;
				CLANG_WARN_UNGUARDED_AVAILABILITY = YES_AGGRESSIVE;
				CLANG_WARN_UNREACHABLE_CODE = YES;
				CLANG_WARN__DUPLICATE_METHOD_MATCH = YES;
				CODE_SIGN_IDENTITY = "iPhone Developer";
				COPY_PHASE_STRIP = NO;
				DEBUG_INFORMATION_FORMAT = "dwarf-with-dsym";
				ENABLE_NS_ASSERTIONS = NO;
				ENABLE_STRICT_OBJC_MSGSEND = YES;
				GCC_C_LANGUAGE_STANDARD = gnu11;
				GCC_NO_COMMON_BLOCKS = YES;
				GCC_WARN_64_TO_32_BIT_CONVERSION = YES;
				GCC_WARN_ABOUT_RETURN_TYPE = YES_ERROR;
				GCC_WARN_UNDECLARED_SELECTOR = YES;
				GCC_WARN_UNINITIALIZED_AUTOS = YES_AGGRESSIVE;
				GCC_WARN_UNUSED_FUNCTION = YES;
				GCC_WARN_UNUSED_VARIABLE = YES;
				IPHONEOS_DEPLOYMENT_TARGET = 12.0;
				MTL_ENABLE_DEBUG_INFO = NO;
				MTL_FAST_MATH = YES;
				SDKROOT = iphoneos;
				SWIFT_COMPILATION_MODE = wholemodule;
				SWIFT_OPTIMIZATION_LEVEL = "-O";
				VALIDATE_PRODUCT = YES;
			};
			name = Release;
		};
		60E2D393216BB1B300DADC49 /* Debug */ = {
			isa = XCBuildConfiguration;
			buildSettings = {
				ASSETCATALOG_COMPILER_APPICON_NAME = AppIcon;
				CODE_SIGN_STYLE = Automatic;
				DEVELOPMENT_TEAM = P7Q9H673YK;
				INFOPLIST_FILE = "Roster Scanner/Info.plist";
				LD_RUNPATH_SEARCH_PATHS = (
					"$(inherited)",
					"@executable_path/Frameworks",
				);
				PRODUCT_BUNDLE_IDENTIFIER = "sbhs.ios.tarang.Roster-Scanner";
				PRODUCT_NAME = "$(TARGET_NAME)";
				SWIFT_VERSION = 4.2;
				TARGETED_DEVICE_FAMILY = "1,2";
			};
			name = Debug;
		};
		60E2D394216BB1B300DADC49 /* Release */ = {
			isa = XCBuildConfiguration;
			buildSettings = {
				ASSETCATALOG_COMPILER_APPICON_NAME = AppIcon;
				CODE_SIGN_STYLE = Automatic;
				DEVELOPMENT_TEAM = P7Q9H673YK;
				INFOPLIST_FILE = "Roster Scanner/Info.plist";
				LD_RUNPATH_SEARCH_PATHS = (
					"$(inherited)",
					"@executable_path/Frameworks",
				);
				PRODUCT_BUNDLE_IDENTIFIER = "sbhs.ios.tarang.Roster-Scanner";
				PRODUCT_NAME = "$(TARGET_NAME)";
				SWIFT_VERSION = 4.2;
				TARGETED_DEVICE_FAMILY = "1,2";
			};
			name = Release;
		};
/* End XCBuildConfiguration section */

/* Begin XCConfigurationList section */
		60E2D37B216BB1A500DADC49 /* Build configuration list for PBXProject "Roster Scanner" */ = {
			isa = XCConfigurationList;
			buildConfigurations = (
				60E2D390216BB1B300DADC49 /* Debug */,
				60E2D391216BB1B300DADC49 /* Release */,
			);
			defaultConfigurationIsVisible = 0;
			defaultConfigurationName = Release;
		};
		60E2D392216BB1B300DADC49 /* Build configuration list for PBXNativeTarget "Roster Scanner" */ = {
			isa = XCConfigurationList;
			buildConfigurations = (
				60E2D393216BB1B300DADC49 /* Debug */,
				60E2D394216BB1B300DADC49 /* Release */,
			);
			defaultConfigurationIsVisible = 0;
			defaultConfigurationName = Release;
		};
/* End XCConfigurationList section */
	};
	rootObject = 60E2D378216BB1A500DADC49 /* Project object */;
}
