// !$*UTF8*$!
{
	archiveVersion = 1;
	classes = {
	};
	objectVersion = 50;
	objects = {

/* Begin PBXBuildFile section */
		21B91BAC376169309203E36C /* Pods_Roster_Scanner.framework in Frameworks */ = {isa = PBXBuildFile; fileRef = 031D43C63957A79BEB0FF115 /* Pods_Roster_Scanner.framework */; };
		60E2D384216BB1A600DADC49 /* AppDelegate.swift in Sources */ = {isa = PBXBuildFile; fileRef = 60E2D383216BB1A600DADC49 /* AppDelegate.swift */; };
		60E2D386216BB1A600DADC49 /* ViewController.swift in Sources */ = {isa = PBXBuildFile; fileRef = 60E2D385216BB1A600DADC49 /* ViewController.swift */; };
		60E2D389216BB1A600DADC49 /* Main.storyboard in Resources */ = {isa = PBXBuildFile; fileRef = 60E2D387216BB1A600DADC49 /* Main.storyboard */; };
		60E2D38B216BB1B300DADC49 /* Assets.xcassets in Resources */ = {isa = PBXBuildFile; fileRef = 60E2D38A216BB1B300DADC49 /* Assets.xcassets */; };
		60E2D38E216BB1B300DADC49 /* LaunchScreen.storyboard in Resources */ = {isa = PBXBuildFile; fileRef = 60E2D38C216BB1B300DADC49 /* LaunchScreen.storyboard */; };
		8B6E5305219BB68F00BBB378 /* GoogleService-Info.plist in Resources */ = {isa = PBXBuildFile; fileRef = 8B6E5304219BB68E00BBB378 /* GoogleService-Info.plist */; };
/* End PBXBuildFile section */

/* Begin PBXFileReference section */
		031D43C63957A79BEB0FF115 /* Pods_Roster_Scanner.framework */ = {isa = PBXFileReference; explicitFileType = wrapper.framework; includeInIndex = 0; path = Pods_Roster_Scanner.framework; sourceTree = BUILT_PRODUCTS_DIR; };
		60E2D380216BB1A500DADC49 /* Roster Scanner.app */ = {isa = PBXFileReference; explicitFileType = wrapper.application; includeInIndex = 0; path = "Roster Scanner.app"; sourceTree = BUILT_PRODUCTS_DIR; };
		60E2D383216BB1A600DADC49 /* AppDelegate.swift */ = {isa = PBXFileReference; lastKnownFileType = sourcecode.swift; path = AppDelegate.swift; sourceTree = "<group>"; };
		60E2D385216BB1A600DADC49 /* ViewController.swift */ = {isa = PBXFileReference; lastKnownFileType = sourcecode.swift; path = ViewController.swift; sourceTree = "<group>"; };
		60E2D388216BB1A600DADC49 /* Base */ = {isa = PBXFileReference; lastKnownFileType = file.storyboard; name = Base; path = Base.lproj/Main.storyboard; sourceTree = "<group>"; };
		60E2D38A216BB1B300DADC49 /* Assets.xcassets */ = {isa = PBXFileReference; lastKnownFileType = folder.assetcatalog; path = Assets.xcassets; sourceTree = "<group>"; };
		60E2D38D216BB1B300DADC49 /* Base */ = {isa = PBXFileReference; lastKnownFileType = file.storyboard; name = Base; path = Base.lproj/LaunchScreen.storyboard; sourceTree = "<group>"; };
		60E2D38F216BB1B300DADC49 /* Info.plist */ = {isa = PBXFileReference; lastKnownFileType = text.plist.xml; path = Info.plist; sourceTree = "<group>"; };
		8B6E5304219BB68E00BBB378 /* GoogleService-Info.plist */ = {isa = PBXFileReference; fileEncoding = 4; lastKnownFileType = text.plist.xml; name = "GoogleService-Info.plist"; path = "../../../Downloads/GoogleService-Info.plist"; sourceTree = "<group>"; };
		A038D868364E224EFDDF4EE0 /* Pods-Roster Scanner.release.xcconfig */ = {isa = PBXFileReference; includeInIndex = 1; lastKnownFileType = text.xcconfig; name = "Pods-Roster Scanner.release.xcconfig"; path = "Pods/Target Support Files/Pods-Roster Scanner/Pods-Roster Scanner.release.xcconfig"; sourceTree = "<group>"; };
		B3CEB3D6AA9A157E10AE44A1 /* Pods-Roster Scanner.debug.xcconfig */ = {isa = PBXFileReference; includeInIndex = 1; lastKnownFileType = text.xcconfig; name = "Pods-Roster Scanner.debug.xcconfig"; path = "Pods/Target Support Files/Pods-Roster Scanner/Pods-Roster Scanner.debug.xcconfig"; sourceTree = "<group>"; };
/* End PBXFileReference section */

/* Begin PBXFrameworksBuildPhase section */
		60E2D37D216BB1A500DADC49 /* Frameworks */ = {
			isa = PBXFrameworksBuildPhase;
			buildActionMask = 2147483647;
			files = (
				21B91BAC376169309203E36C /* Pods_Roster_Scanner.framework in Frameworks */,
			);
			runOnlyForDeploymentPostprocessing = 0;
		};
/* End PBXFrameworksBuildPhase section */

/* Begin PBXGroup section */
		60E2D377216BB1A500DADC49 = {
			isa = PBXGroup;
			children = (
				60E2D382216BB1A500DADC49 /* Roster Scanner */,
				60E2D381216BB1A500DADC49 /* Products */,
				B01192AC0F0466245DA824AB /* Pods */,
				9E8286F8A30CFA1D86450488 /* Frameworks */,
			);
			sourceTree = "<group>";
		};
		60E2D381216BB1A500DADC49 /* Products */ = {
			isa = PBXGroup;
			children = (
				60E2D380216BB1A500DADC49 /* Roster Scanner.app */,
			);
			name = Products;
			sourceTree = "<group>";
		};
		60E2D382216BB1A500DADC49 /* Roster Scanner */ = {
			isa = PBXGroup;
			children = (
				60E2D383216BB1A600DADC49 /* AppDelegate.swift */,
				60E2D385216BB1A600DADC49 /* ViewController.swift */,
				60E2D387216BB1A600DADC49 /* Main.storyboard */,
				60E2D38A216BB1B300DADC49 /* Assets.xcassets */,
				60E2D38C216BB1B300DADC49 /* LaunchScreen.storyboard */,
				60E2D38F216BB1B300DADC49 /* Info.plist */,
				8B6E5304219BB68E00BBB378 /* GoogleService-Info.plist */,
			);
			path = "Roster Scanner";
			sourceTree = "<group>";
		};
		9E8286F8A30CFA1D86450488 /* Frameworks */ = {
			isa = PBXGroup;
			children = (
				031D43C63957A79BEB0FF115 /* Pods_Roster_Scanner.framework */,
			);
			name = Frameworks;
			sourceTree = "<group>";
		};
		B01192AC0F0466245DA824AB /* Pods */ = {
			isa = PBXGroup;
			children = (
				B3CEB3D6AA9A157E10AE44A1 /* Pods-Roster Scanner.debug.xcconfig */,
				A038D868364E224EFDDF4EE0 /* Pods-Roster Scanner.release.xcconfig */,
			);
			name = Pods;
			sourceTree = "<group>";
		};
/* End PBXGroup section */

/* Begin PBXNativeTarget section */
		60E2D37F216BB1A500DADC49 /* Roster Scanner */ = {
			isa = PBXNativeTarget;
			buildConfigurationList = 60E2D392216BB1B300DADC49 /* Build configuration list for PBXNativeTarget "Roster Scanner" */;
			buildPhases = (
				A1E16629DD7368A6E2481BEA /* [CP] Check Pods Manifest.lock */,
				60E2D37C216BB1A500DADC49 /* Sources */,
				60E2D37D216BB1A500DADC49 /* Frameworks */,
				60E2D37E216BB1A500DADC49 /* Resources */,
				5949543D15AA5133D297C7B2 /* [CP] Embed Pods Frameworks */,
			);
			buildRules = (
			);
			dependencies = (
			);
			name = "Roster Scanner";
			productName = "Roster Scanner";
			productReference = 60E2D380216BB1A500DADC49 /* Roster Scanner.app */;
			productType = "com.apple.product-type.application";
		};
/* End PBXNativeTarget section */

/* Begin PBXProject section */
		60E2D378216BB1A500DADC49 /* Project object */ = {
			isa = PBXProject;
			attributes = {
				LastSwiftUpdateCheck = 1000;
				LastUpgradeCheck = 1000;
				ORGANIZATIONNAME = "Tarang Srivastava";
				TargetAttributes = {
					60E2D37F216BB1A500DADC49 = {
						CreatedOnToolsVersion = 10.0;
					};
				};
			};
			buildConfigurationList = 60E2D37B216BB1A500DADC49 /* Build configuration list for PBXProject "Roster Scanner" */;
			compatibilityVersion = "Xcode 9.3";
			developmentRegion = en;
			hasScannedForEncodings = 0;
			knownRegions = (
				en,
				Base,
			);
			mainGroup = 60E2D377216BB1A500DADC49;
			productRefGroup = 60E2D381216BB1A500DADC49 /* Products */;
			projectDirPath = "";
			projectRoot = "";
			targets = (
				60E2D37F216BB1A500DADC49 /* Roster Scanner */,
			);
		};
/* End PBXProject section */

/* Begin PBXResourcesBuildPhase section */
		60E2D37E216BB1A500DADC49 /* Resources */ = {
			isa = PBXResourcesBuildPhase;
			buildActionMask = 2147483647;
			files = (
				60E2D38E216BB1B300DADC49 /* LaunchScreen.storyboard in Resources */,
				8B6E5305219BB68F00BBB378 /* GoogleService-Info.plist in Resources */,
				60E2D38B216BB1B300DADC49 /* Assets.xcassets in Resources */,
				60E2D389216BB1A600DADC49 /* Main.storyboard in Resources */,
			);
			runOnlyForDeploymentPostprocessing = 0;
		};
/* End PBXResourcesBuildPhase section */

/* Begin PBXShellScriptBuildPhase section */
		5949543D15AA5133D297C7B2 /* [CP] Embed Pods Frameworks */ = {
			isa = PBXShellScriptBuildPhase;
			buildActionMask = 2147483647;
			files = (
			);
			inputFileListPaths = (
			);
			inputPaths = (
				"${SRCROOT}/Pods/Target Support Files/Pods-Roster Scanner/Pods-Roster Scanner-frameworks.sh",
				"${BUILT_PRODUCTS_DIR}/GoogleUtilities/GoogleUtilities.framework",
				"${BUILT_PRODUCTS_DIR}/leveldb-library/leveldb.framework",
				"${BUILT_PRODUCTS_DIR}/nanopb/nanopb.framework",
			);
			name = "[CP] Embed Pods Frameworks";
			outputFileListPaths = (
			);
			outputPaths = (
				"${TARGET_BUILD_DIR}/${FRAMEWORKS_FOLDER_PATH}/GoogleUtilities.framework",
				"${TARGET_BUILD_DIR}/${FRAMEWORKS_FOLDER_PATH}/leveldb.framework",
				"${TARGET_BUILD_DIR}/${FRAMEWORKS_FOLDER_PATH}/nanopb.framework",
			);
			runOnlyForDeploymentPostprocessing = 0;
			shellPath = /bin/sh;
			shellScript = "\"${SRCROOT}/Pods/Target Support Files/Pods-Roster Scanner/Pods-Roster Scanner-frameworks.sh\"\n";
			showEnvVarsInLog = 0;
		};
		A1E16629DD7368A6E2481BEA /* [CP] Check Pods Manifest.lock */ = {
			isa = PBXShellScriptBuildPhase;
			buildActionMask = 2147483647;
			files = (
			);
			inputFileListPaths = (
			);
			inputPaths = (
				"${PODS_PODFILE_DIR_PATH}/Podfile.lock",
				"${PODS_ROOT}/Manifest.lock",
			);
			name = "[CP] Check Pods Manifest.lock";
			outputFileListPaths = (
			);
			outputPaths = (
				"$(DERIVED_FILE_DIR)/Pods-Roster Scanner-checkManifestLockResult.txt",
			);
			runOnlyForDeploymentPostprocessing = 0;
			shellPath = /bin/sh;
			shellScript = "diff \"${PODS_PODFILE_DIR_PATH}/Podfile.lock\" \"${PODS_ROOT}/Manifest.lock\" > /dev/null\nif [ $? != 0 ] ; then\n    # print error to STDERR\n    echo \"error: The sandbox is not in sync with the Podfile.lock. Run 'pod install' or update your CocoaPods installation.\" >&2\n    exit 1\nfi\n# This output is used by Xcode 'outputs' to avoid re-running this script phase.\necho \"SUCCESS\" > \"${SCRIPT_OUTPUT_FILE_0}\"\n";
			showEnvVarsInLog = 0;
		};
/* End PBXShellScriptBuildPhase section */

/* Begin PBXSourcesBuildPhase section */
		60E2D37C216BB1A500DADC49 /* Sources */ = {
			isa = PBXSourcesBuildPhase;
			buildActionMask = 2147483647;
			files = (
				60E2D386216BB1A600DADC49 /* ViewController.swift in Sources */,
				60E2D384216BB1A600DADC49 /* AppDelegate.swift in Sources */,
			);
			runOnlyForDeploymentPostprocessing = 0;
		};
/* End PBXSourcesBuildPhase section */

/* Begin PBXVariantGroup section */
		60E2D387216BB1A600DADC49 /* Main.storyboard */ = {
			isa = PBXVariantGroup;
			children = (
				60E2D388216BB1A600DADC49 /* Base */,
			);
			name = Main.storyboard;
			sourceTree = "<group>";
		};
		60E2D38C216BB1B300DADC49 /* LaunchScreen.storyboard */ = {
			isa = PBXVariantGroup;
			children = (
				60E2D38D216BB1B300DADC49 /* Base */,
			);
			name = LaunchScreen.storyboard;
			sourceTree = "<group>";
		};
/* End PBXVariantGroup section */

/* Begin XCBuildConfiguration section */
		60E2D390216BB1B300DADC49 /* Debug */ = {
			isa = XCBuildConfiguration;
			buildSettings = {
				ALWAYS_SEARCH_USER_PATHS = NO;
				CLANG_ANALYZER_NONNULL = YES;
				CLANG_ANALYZER_NUMBER_OBJECT_CONVERSION = YES_AGGRESSIVE;
				CLANG_CXX_LANGUAGE_STANDARD = "gnu++14";
				CLANG_CXX_LIBRARY = "libc++";
				CLANG_ENABLE_MODULES = YES;
				CLANG_ENABLE_OBJC_ARC = YES;
				CLANG_ENABLE_OBJC_WEAK = YES;
				CLANG_WARN_BLOCK_CAPTURE_AUTORELEASING = YES;
				CLANG_WARN_BOOL_CONVERSION = YES;
				CLANG_WARN_COMMA = YES;
				CLANG_WARN_CONSTANT_CONVERSION = YES;
				CLANG_WARN_DEPRECATED_OBJC_IMPLEMENTATIONS = YES;
				CLANG_WARN_DIRECT_OBJC_ISA_USAGE = YES_ERROR;
				CLANG_WARN_DOCUMENTATION_COMMENTS = YES;
				CLANG_WARN_EMPTY_BODY = YES;
				CLANG_WARN_ENUM_CONVERSION = YES;
				CLANG_WARN_INFINITE_RECURSION = YES;
				CLANG_WARN_INT_CONVERSION = YES;
				CLANG_WARN_NON_LITERAL_NULL_CONVERSION = YES;
				CLANG_WARN_OBJC_IMPLICIT_RETAIN_SELF = YES;
				CLANG_WARN_OBJC_LITERAL_CONVERSION = YES;
				CLANG_WARN_OBJC_ROOT_CLASS = YES_ERROR;
				CLANG_WARN_RANGE_LOOP_ANALYSIS = YES;
				CLANG_WARN_STRICT_PROTOTYPES = YES;
				CLANG_WARN_SUSPICIOUS_MOVE = YES;
				CLANG_WARN_UNGUARDED_AVAILABILITY = YES_AGGRESSIVE;
				CLANG_WARN_UNREACHABLE_CODE = YES;
				CLANG_WARN__DUPLICATE_METHOD_MATCH = YES;
				CODE_SIGN_IDENTITY = "iPhone Developer";
				COPY_PHASE_STRIP = NO;
				DEBUG_INFORMATION_FORMAT = dwarf;
				ENABLE_STRICT_OBJC_MSGSEND = YES;
				ENABLE_TESTABILITY = YES;
				GCC_C_LANGUAGE_STANDARD = gnu11;
				GCC_DYNAMIC_NO_PIC = NO;
				GCC_NO_COMMON_BLOCKS = YES;
				GCC_OPTIMIZATION_LEVEL = 0;
				GCC_PREPROCESSOR_DEFINITIONS = (
					"DEBUG=1",
					"$(inherited)",
				);
				GCC_WARN_64_TO_32_BIT_CONVERSION = YES;
				GCC_WARN_ABOUT_RETURN_TYPE = YES_ERROR;
				GCC_WARN_UNDECLARED_SELECTOR = YES;
				GCC_WARN_UNINITIALIZED_AUTOS = YES_AGGRESSIVE;
				GCC_WARN_UNUSED_FUNCTION = YES;
				GCC_WARN_UNUSED_VARIABLE = YES;
				IPHONEOS_DEPLOYMENT_TARGET = 12.0;
				MTL_ENABLE_DEBUG_INFO = INCLUDE_SOURCE;
				MTL_FAST_MATH = YES;
				ONLY_ACTIVE_ARCH = YES;
				SDKROOT = iphoneos;
				SWIFT_ACTIVE_COMPILATION_CONDITIONS = DEBUG;
				SWIFT_OPTIMIZATION_LEVEL = "-Onone";
			};
			name = Debug;
		};
		60E2D391216BB1B300DADC49 /* Release */ = {
			isa = XCBuildConfiguration;
			buildSettings = {
				ALWAYS_SEARCH_USER_PATHS = NO;
				CLANG_ANALYZER_NONNULL = YES;
				CLANG_ANALYZER_NUMBER_OBJECT_CONVERSION = YES_AGGRESSIVE;
				CLANG_CXX_LANGUAGE_STANDARD = "gnu++14";
				CLANG_CXX_LIBRARY = "libc++";
				CLANG_ENABLE_MODULES = YES;
				CLANG_ENABLE_OBJC_ARC = YES;
				CLANG_ENABLE_OBJC_WEAK = YES;
				CLANG_WARN_BLOCK_CAPTURE_AUTORELEASING = YES;
				CLANG_WARN_BOOL_CONVERSION = YES;
				CLANG_WARN_COMMA = YES;
				CLANG_WARN_CONSTANT_CONVERSION = YES;
				CLANG_WARN_DEPRECATED_OBJC_IMPLEMENTATIONS = YES;
				CLANG_WARN_DIRECT_OBJC_ISA_USAGE = YES_ERROR;
				CLANG_WARN_DOCUMENTATION_COMMENTS = YES;
				CLANG_WARN_EMPTY_BODY = YES;
				CLANG_WARN_ENUM_CONVERSION = YES;
				CLANG_WARN_INFINITE_RECURSION = YES;
				CLANG_WARN_INT_CONVERSION = YES;
				CLANG_WARN_NON_LITERAL_NULL_CONVERSION = YES;
				CLANG_WARN_OBJC_IMPLICIT_RETAIN_SELF = YES;
				CLANG_WARN_OBJC_LITERAL_CONVERSION = YES;
				CLANG_WARN_OBJC_ROOT_CLASS = YES_ERROR;
				CLANG_WARN_RANGE_LOOP_ANALYSIS = YES;
				CLANG_WARN_STRICT_PROTOTYPES = YES;
				CLANG_WARN_SUSPICIOUS_MOVE = YES;
				CLANG_WARN_UNGUARDED_AVAILABILITY = YES_AGGRESSIVE;
				CLANG_WARN_UNREACHABLE_CODE = YES;
				CLANG_WARN__DUPLICATE_METHOD_MATCH = YES;
				CODE_SIGN_IDENTITY = "iPhone Developer";
				COPY_PHASE_STRIP = NO;
				DEBUG_INFORMATION_FORMAT = "dwarf-with-dsym";
				ENABLE_NS_ASSERTIONS = NO;
				ENABLE_STRICT_OBJC_MSGSEND = YES;
				GCC_C_LANGUAGE_STANDARD = gnu11;
				GCC_NO_COMMON_BLOCKS = YES;
				GCC_WARN_64_TO_32_BIT_CONVERSION = YES;
				GCC_WARN_ABOUT_RETURN_TYPE = YES_ERROR;
				GCC_WARN_UNDECLARED_SELECTOR = YES;
				GCC_WARN_UNINITIALIZED_AUTOS = YES_AGGRESSIVE;
				GCC_WARN_UNUSED_FUNCTION = YES;
				GCC_WARN_UNUSED_VARIABLE = YES;
				IPHONEOS_DEPLOYMENT_TARGET = 12.0;
				MTL_ENABLE_DEBUG_INFO = NO;
				MTL_FAST_MATH = YES;
				SDKROOT = iphoneos;
				SWIFT_COMPILATION_MODE = wholemodule;
				SWIFT_OPTIMIZATION_LEVEL = "-O";
				VALIDATE_PRODUCT = YES;
			};
			name = Release;
		};
		60E2D393216BB1B300DADC49 /* Debug */ = {
			isa = XCBuildConfiguration;
			baseConfigurationReference = B3CEB3D6AA9A157E10AE44A1 /* Pods-Roster Scanner.debug.xcconfig */;
			buildSettings = {
				ASSETCATALOG_COMPILER_APPICON_NAME = AppIcon;
				CODE_SIGN_STYLE = Automatic;
				DEVELOPMENT_TEAM = P7Q9H673YK;
				INFOPLIST_FILE = "Roster Scanner/Info.plist";
				LD_RUNPATH_SEARCH_PATHS = (
					"$(inherited)",
					"@executable_path/Frameworks",
				);
				PRODUCT_BUNDLE_IDENTIFIER = "sbhs.ios.tarang.Roster-Scanner";
				PRODUCT_NAME = "$(TARGET_NAME)";
				SWIFT_VERSION = 4.2;
				TARGETED_DEVICE_FAMILY = "1,2";
			};
			name = Debug;
		};
		60E2D394216BB1B300DADC49 /* Release */ = {
			isa = XCBuildConfiguration;
			baseConfigurationReference = A038D868364E224EFDDF4EE0 /* Pods-Roster Scanner.release.xcconfig */;
			buildSettings = {
				ASSETCATALOG_COMPILER_APPICON_NAME = AppIcon;
				CODE_SIGN_STYLE = Automatic;
				DEVELOPMENT_TEAM = P7Q9H673YK;
				INFOPLIST_FILE = "Roster Scanner/Info.plist";
				LD_RUNPATH_SEARCH_PATHS = (
					"$(inherited)",
					"@executable_path/Frameworks",
				);
				PRODUCT_BUNDLE_IDENTIFIER = "sbhs.ios.tarang.Roster-Scanner";
				PRODUCT_NAME = "$(TARGET_NAME)";
				SWIFT_VERSION = 4.2;
				TARGETED_DEVICE_FAMILY = "1,2";
			};
			name = Release;
		};
/* End XCBuildConfiguration section */

/* Begin XCConfigurationList section */
		60E2D37B216BB1A500DADC49 /* Build configuration list for PBXProject "Roster Scanner" */ = {
			isa = XCConfigurationList;
			buildConfigurations = (
				60E2D390216BB1B300DADC49 /* Debug */,
				60E2D391216BB1B300DADC49 /* Release */,
			);
			defaultConfigurationIsVisible = 0;
			defaultConfigurationName = Release;
		};
		60E2D392216BB1B300DADC49 /* Build configuration list for PBXNativeTarget "Roster Scanner" */ = {
			isa = XCConfigurationList;
			buildConfigurations = (
				60E2D393216BB1B300DADC49 /* Debug */,
				60E2D394216BB1B300DADC49 /* Release */,
			);
			defaultConfigurationIsVisible = 0;
			defaultConfigurationName = Release;
		};
/* End XCConfigurationList section */
	};
	rootObject = 60E2D378216BB1A500DADC49 /* Project object */;
}
